// !$*UTF8*$!
{
	archiveVersion = 1;
	classes = {
	};
	objectVersion = 46;
	objects = {

/* Begin PBXBuildFile section */
		BD62FE491DAC6CB500D37DD9 /* AppDelegate.swift in Sources */ = {isa = PBXBuildFile; fileRef = BD62FE481DAC6CB500D37DD9 /* AppDelegate.swift */; };
		BD62FE4B1DAC6CB500D37DD9 /* ViewController.swift in Sources */ = {isa = PBXBuildFile; fileRef = BD62FE4A1DAC6CB500D37DD9 /* ViewController.swift */; };
		BD62FE4E1DAC6CB500D37DD9 /* Main.storyboard in Resources */ = {isa = PBXBuildFile; fileRef = BD62FE4C1DAC6CB500D37DD9 /* Main.storyboard */; };
		BD62FE501DAC6CB500D37DD9 /* Assets.xcassets in Resources */ = {isa = PBXBuildFile; fileRef = BD62FE4F1DAC6CB500D37DD9 /* Assets.xcassets */; };
		BD62FE531DAC6CB500D37DD9 /* LaunchScreen.storyboard in Resources */ = {isa = PBXBuildFile; fileRef = BD62FE511DAC6CB500D37DD9 /* LaunchScreen.storyboard */; };
/* End PBXBuildFile section */

/* Begin PBXFileReference section */
		BD62FE451DAC6CB500D37DD9 /* scrollView.app */ = {isa = PBXFileReference; explicitFileType = wrapper.application; includeInIndex = 0; path = scrollView.app; sourceTree = BUILT_PRODUCTS_DIR; };
		BD62FE481DAC6CB500D37DD9 /* AppDelegate.swift */ = {isa = PBXFileReference; lastKnownFileType = sourcecode.swift; path = AppDelegate.swift; sourceTree = "<group>"; };
		BD62FE4A1DAC6CB500D37DD9 /* ViewController.swift */ = {isa = PBXFileReference; lastKnownFileType = sourcecode.swift; path = ViewController.swift; sourceTree = "<group>"; };
		BD62FE4D1DAC6CB500D37DD9 /* Base */ = {isa = PBXFileReference; lastKnownFileType = file.storyboard; name = Base; path = Base.lproj/Main.storyboard; sourceTree = "<group>"; };
		BD62FE4F1DAC6CB500D37DD9 /* Assets.xcassets */ = {isa = PBXFileReference; lastKnownFileType = folder.assetcatalog; path = Assets.xcassets; sourceTree = "<group>"; };
		BD62FE521DAC6CB500D37DD9 /* Base */ = {isa = PBXFileReference; lastKnownFileType = file.storyboard; name = Base; path = Base.lproj/LaunchScreen.storyboard; sourceTree = "<group>"; };
		BD62FE541DAC6CB500D37DD9 /* Info.plist */ = {isa = PBXFileReference; lastKnownFileType = text.plist.xml; path = Info.plist; sourceTree = "<group>"; };
/* End PBXFileReference section */

/* Begin PBXFrameworksBuildPhase section */
		BD62FE421DAC6CB500D37DD9 /* Frameworks */ = {
			isa = PBXFrameworksBuildPhase;
			buildActionMask = 2147483647;
			files = (
			);
			runOnlyForDeploymentPostprocessing = 0;
		};
/* End PBXFrameworksBuildPhase section */

/* Begin PBXGroup section */
		BD62FE3C1DAC6CB500D37DD9 = {
			isa = PBXGroup;
			children = (
				BD62FE471DAC6CB500D37DD9 /* scrollView */,
				BD62FE461DAC6CB500D37DD9 /* Products */,
			);
			sourceTree = "<group>";
		};
		BD62FE461DAC6CB500D37DD9 /* Products */ = {
			isa = PBXGroup;
			children = (
				BD62FE451DAC6CB500D37DD9 /* scrollView.app */,
			);
			name = Products;
			sourceTree = "<group>";
		};
		BD62FE471DAC6CB500D37DD9 /* scrollView */ = {
			isa = PBXGroup;
			children = (
				BD62FE481DAC6CB500D37DD9 /* AppDelegate.swift */,
				BD62FE4A1DAC6CB500D37DD9 /* ViewController.swift */,
				BD62FE4C1DAC6CB500D37DD9 /* Main.storyboard */,
				BD62FE4F1DAC6CB500D37DD9 /* Assets.xcassets */,
				BD62FE511DAC6CB500D37DD9 /* LaunchScreen.storyboard */,
				BD62FE541DAC6CB500D37DD9 /* Info.plist */,
			);
			path = scrollView;
			sourceTree = "<group>";
		};
/* End PBXGroup section */

/* Begin PBXNativeTarget section */
		BD62FE441DAC6CB500D37DD9 /* scrollView */ = {
			isa = PBXNativeTarget;
			buildConfigurationList = BD62FE571DAC6CB500D37DD9 /* Build configuration list for PBXNativeTarget "scrollView" */;
			buildPhases = (
				BD62FE411DAC6CB500D37DD9 /* Sources */,
				BD62FE421DAC6CB500D37DD9 /* Frameworks */,
				BD62FE431DAC6CB500D37DD9 /* Resources */,
			);
			buildRules = (
			);
			dependencies = (
			);
			name = scrollView;
			productName = scrollView;
			productReference = BD62FE451DAC6CB500D37DD9 /* scrollView.app */;
			productType = "com.apple.product-type.application";
		};
/* End PBXNativeTarget section */

/* Begin PBXProject section */
		BD62FE3D1DAC6CB500D37DD9 /* Project object */ = {
			isa = PBXProject;
			attributes = {
				LastSwiftUpdateCheck = 0800;
				LastUpgradeCheck = 0800;
				ORGANIZATIONNAME = "Peter Kang";
				TargetAttributes = {
					BD62FE441DAC6CB500D37DD9 = {
						CreatedOnToolsVersion = 8.0;
						DevelopmentTeam = 4HMV9AP26W;
						ProvisioningStyle = Automatic;
					};
				};
			};
			buildConfigurationList = BD62FE401DAC6CB500D37DD9 /* Build configuration list for PBXProject "scrollView" */;
			compatibilityVersion = "Xcode 3.2";
			developmentRegion = English;
			hasScannedForEncodings = 0;
			knownRegions = (
				en,
				Base,
			);
			mainGroup = BD62FE3C1DAC6CB500D37DD9;
			productRefGroup = BD62FE461DAC6CB500D37DD9 /* Products */;
			projectDirPath = "";
			projectRoot = "";
			targets = (
				BD62FE441DAC6CB500D37DD9 /* scrollView */,
			);
		};
/* End PBXProject section */

/* Begin PBXResourcesBuildPhase section */
		BD62FE431DAC6CB500D37DD9 /* Resources */ = {
			isa = PBXResourcesBuildPhase;
			buildActionMask = 2147483647;
			files = (
				BD62FE531DAC6CB500D37DD9 /* LaunchScreen.storyboard in Resources */,
				BD62FE501DAC6CB500D37DD9 /* Assets.xcassets in Resources */,
				BD62FE4E1DAC6CB500D37DD9 /* Main.storyboard in Resources */,
			);
			runOnlyForDeploymentPostprocessing = 0;
		};
/* End PBXResourcesBuildPhase section */

/* Begin PBXSourcesBuildPhase section */
		BD62FE411DAC6CB500D37DD9 /* Sources */ = {
			isa = PBXSourcesBuildPhase;
			buildActionMask = 2147483647;
			files = (
				BD62FE4B1DAC6CB500D37DD9 /* ViewController.swift in Sources */,
				BD62FE491DAC6CB500D37DD9 /* AppDelegate.swift in Sources */,
			);
			runOnlyForDeploymentPostprocessing = 0;
		};
/* End PBXSourcesBuildPhase section */

/* Begin PBXVariantGroup section */
		BD62FE4C1DAC6CB500D37DD9 /* Main.storyboard */ = {
			isa = PBXVariantGroup;
			children = (
				BD62FE4D1DAC6CB500D37DD9 /* Base */,
			);
			name = Main.storyboard;
			sourceTree = "<group>";
		};
		BD62FE511DAC6CB500D37DD9 /* LaunchScreen.storyboard */ = {
			isa = PBXVariantGroup;
			children = (
				BD62FE521DAC6CB500D37DD9 /* Base */,
			);
			name = LaunchScreen.storyboard;
			sourceTree = "<group>";
		};
/* End PBXVariantGroup section */

/* Begin XCBuildConfiguration section */
		BD62FE551DAC6CB500D37DD9 /* Debug */ = {
			isa = XCBuildConfiguration;
			buildSettings = {
				ALWAYS_SEARCH_USER_PATHS = NO;
				CLANG_ANALYZER_NONNULL = YES;
				CLANG_CXX_LANGUAGE_STANDARD = "gnu++0x";
				CLANG_CXX_LIBRARY = "libc++";
				CLANG_ENABLE_MODULES = YES;
				CLANG_ENABLE_OBJC_ARC = YES;
				CLANG_WARN_BOOL_CONVERSION = YES;
				CLANG_WARN_CONSTANT_CONVERSION = YES;
				CLANG_WARN_DIRECT_OBJC_ISA_USAGE = YES_ERROR;
				CLANG_WARN_DOCUMENTATION_COMMENTS = YES;
				CLANG_WARN_EMPTY_BODY = YES;
				CLANG_WARN_ENUM_CONVERSION = YES;
				CLANG_WARN_INFINITE_RECURSION = YES;
				CLANG_WARN_INT_CONVERSION = YES;
				CLANG_WARN_OBJC_ROOT_CLASS = YES_ERROR;
				CLANG_WARN_SUSPICIOUS_MOVES = YES;
				CLANG_WARN_UNREACHABLE_CODE = YES;
				CLANG_WARN__DUPLICATE_METHOD_MATCH = YES;
				"CODE_SIGN_IDENTITY[sdk=iphoneos*]" = "iPhone Developer";
				COPY_PHASE_STRIP = NO;
				DEBUG_INFORMATION_FORMAT = dwarf;
				ENABLE_STRICT_OBJC_MSGSEND = YES;
				ENABLE_TESTABILITY = YES;
				GCC_C_LANGUAGE_STANDARD = gnu99;
				GCC_DYNAMIC_NO_PIC = NO;
				GCC_NO_COMMON_BLOCKS = YES;
				GCC_OPTIMIZATION_LEVEL = 0;
				GCC_PREPROCESSOR_DEFINITIONS = (
					"DEBUG=1",
					"$(inherited)",
				);
				GCC_WARN_64_TO_32_BIT_CONVERSION = YES;
				GCC_WARN_ABOUT_RETURN_TYPE = YES_ERROR;
				GCC_WARN_UNDECLARED_SELECTOR = YES;
				GCC_WARN_UNINITIALIZED_AUTOS = YES_AGGRESSIVE;
				GCC_WARN_UNUSED_FUNCTION = YES;
				GCC_WARN_UNUSED_VARIABLE = YES;
				IPHONEOS_DEPLOYMENT_TARGET = 10.0;
				MTL_ENABLE_DEBUG_INFO = YES;
				ONLY_ACTIVE_ARCH = YES;
				SDKROOT = iphoneos;
				SWIFT_ACTIVE_COMPILATION_CONDITIONS = DEBUG;
				SWIFT_OPTIMIZATION_LEVEL = "-Onone";
				TARGETED_DEVICE_FAMILY = "1,2";
			};
			name = Debug;
		};
		BD62FE561DAC6CB500D37DD9 /* Release */ = {
			isa = XCBuildConfiguration;
			buildSettings = {
				ALWAYS_SEARCH_USER_PATHS = NO;
				CLANG_ANALYZER_NONNULL = YES;
				CLANG_CXX_LANGUAGE_STANDARD = "gnu++0x";
				CLANG_CXX_LIBRARY = "libc++";
				CLANG_ENABLE_MODULES = YES;
				CLANG_ENABLE_OBJC_ARC = YES;
				CLANG_WARN_BOOL_CONVERSION = YES;
				CLANG_WARN_CONSTANT_CONVERSION = YES;
				CLANG_WARN_DIRECT_OBJC_ISA_USAGE = YES_ERROR;
				CLANG_WARN_DOCUMENTATION_COMMENTS = YES;
				CLANG_WARN_EMPTY_BODY = YES;
				CLANG_WARN_ENUM_CONVERSION = YES;
				CLANG_WARN_INFINITE_RECURSION = YES;
				CLANG_WARN_INT_CONVERSION = YES;
				CLANG_WARN_OBJC_ROOT_CLASS = YES_ERROR;
				CLANG_WARN_SUSPICIOUS_MOVES = YES;
				CLANG_WARN_UNREACHABLE_CODE = YES;
				CLANG_WARN__DUPLICATE_METHOD_MATCH = YES;
				"CODE_SIGN_IDENTITY[sdk=iphoneos*]" = "iPhone Developer";
				COPY_PHASE_STRIP = NO;
				DEBUG_INFORMATION_FORMAT = "dwarf-with-dsym";
				ENABLE_NS_ASSERTIONS = NO;
				ENABLE_STRICT_OBJC_MSGSEND = YES;
				GCC_C_LANGUAGE_STANDARD = gnu99;
				GCC_NO_COMMON_BLOCKS = YES;
				GCC_WARN_64_TO_32_BIT_CONVERSION = YES;
				GCC_WARN_ABOUT_RETURN_TYPE = YES_ERROR;
				GCC_WARN_UNDECLARED_SELECTOR = YES;
				GCC_WARN_UNINITIALIZED_AUTOS = YES_AGGRESSIVE;
				GCC_WARN_UNUSED_FUNCTION = YES;
				GCC_WARN_UNUSED_VARIABLE = YES;
				IPHONEOS_DEPLOYMENT_TARGET = 10.0;
				MTL_ENABLE_DEBUG_INFO = NO;
				SDKROOT = iphoneos;
				SWIFT_OPTIMIZATION_LEVEL = "-Owholemodule";
				TARGETED_DEVICE_FAMILY = "1,2";
				VALIDATE_PRODUCT = YES;
			};
			name = Release;
		};
		BD62FE581DAC6CB500D37DD9 /* Debug */ = {
			isa = XCBuildConfiguration;
			buildSettings = {
				ASSETCATALOG_COMPILER_APPICON_NAME = AppIcon;
				DEVELOPMENT_TEAM = 4HMV9AP26W;
				INFOPLIST_FILE = scrollView/Info.plist;
				LD_RUNPATH_SEARCH_PATHS = "$(inherited) @executable_path/Frameworks";
				PRODUCT_BUNDLE_IDENTIFIER = com.lmnop.scrollView;
				PRODUCT_NAME = "$(TARGET_NAME)";
				SWIFT_VERSION = 3.0;
			};
			name = Debug;
		};
		BD62FE591DAC6CB500D37DD9 /* Release */ = {
			isa = XCBuildConfiguration;
			buildSettings = {
				ASSETCATALOG_COMPILER_APPICON_NAME = AppIcon;
				DEVELOPMENT_TEAM = 4HMV9AP26W;
				INFOPLIST_FILE = scrollView/Info.plist;
				LD_RUNPATH_SEARCH_PATHS = "$(inherited) @executable_path/Frameworks";
				PRODUCT_BUNDLE_IDENTIFIER = com.lmnop.scrollView;
				PRODUCT_NAME = "$(TARGET_NAME)";
				SWIFT_VERSION = 3.0;
			};
			name = Release;
		};
/* End XCBuildConfiguration section */

/* Begin XCConfigurationList section */
		BD62FE401DAC6CB500D37DD9 /* Build configuration list for PBXProject "scrollView" */ = {
			isa = XCConfigurationList;
			buildConfigurations = (
				BD62FE551DAC6CB500D37DD9 /* Debug */,
				BD62FE561DAC6CB500D37DD9 /* Release */,
			);
			defaultConfigurationIsVisible = 0;
			defaultConfigurationName = Release;
		};
		BD62FE571DAC6CB500D37DD9 /* Build configuration list for PBXNativeTarget "scrollView" */ = {
			isa = XCConfigurationList;
			buildConfigurations = (
				BD62FE581DAC6CB500D37DD9 /* Debug */,
				BD62FE591DAC6CB500D37DD9 /* Release */,
			);
			defaultConfigurationIsVisible = 0;
		};
/* End XCConfigurationList section */
	};
	rootObject = BD62FE3D1DAC6CB500D37DD9 /* Project object */;
}
