// !$*UTF8*$!
{
	archiveVersion = 1;
	classes = {
	};
	objectVersion = 46;
	objects = {

/* Begin PBXBuildFile section */
		BD5D55F01DB0216D00A54720 /* AppDelegate.swift in Sources */ = {isa = PBXBuildFile; fileRef = BD5D55EF1DB0216D00A54720 /* AppDelegate.swift */; };
		BD5D55F21DB0216D00A54720 /* MainVC.swift in Sources */ = {isa = PBXBuildFile; fileRef = BD5D55F11DB0216D00A54720 /* MainVC.swift */; };
		BD5D55F51DB0216D00A54720 /* Main.storyboard in Resources */ = {isa = PBXBuildFile; fileRef = BD5D55F31DB0216D00A54720 /* Main.storyboard */; };
		BD5D55F81DB0216D00A54720 /* DreamLister.xcdatamodeld in Sources */ = {isa = PBXBuildFile; fileRef = BD5D55F61DB0216D00A54720 /* DreamLister.xcdatamodeld */; };
		BD5D55FA1DB0216D00A54720 /* Assets.xcassets in Resources */ = {isa = PBXBuildFile; fileRef = BD5D55F91DB0216D00A54720 /* Assets.xcassets */; };
		BD5D55FD1DB0216D00A54720 /* LaunchScreen.storyboard in Resources */ = {isa = PBXBuildFile; fileRef = BD5D55FB1DB0216D00A54720 /* LaunchScreen.storyboard */; };
		BD5D56051DB0218100A54720 /* CustomTextField.swift in Sources */ = {isa = PBXBuildFile; fileRef = BD5D56041DB0218100A54720 /* CustomTextField.swift */; };
		BD5D56111DB0257000A54720 /* Store+CoreDataClass.swift in Sources */ = {isa = PBXBuildFile; fileRef = BD5D56091DB0257000A54720 /* Store+CoreDataClass.swift */; };
		BD5D56121DB0257000A54720 /* Store+CoreDataProperties.swift in Sources */ = {isa = PBXBuildFile; fileRef = BD5D560A1DB0257000A54720 /* Store+CoreDataProperties.swift */; };
		BD5D56131DB0257000A54720 /* Image+CoreDataClass.swift in Sources */ = {isa = PBXBuildFile; fileRef = BD5D560B1DB0257000A54720 /* Image+CoreDataClass.swift */; };
		BD5D56141DB0257000A54720 /* Image+CoreDataProperties.swift in Sources */ = {isa = PBXBuildFile; fileRef = BD5D560C1DB0257000A54720 /* Image+CoreDataProperties.swift */; };
		BD5D56151DB0257000A54720 /* Item+CoreDataClass.swift in Sources */ = {isa = PBXBuildFile; fileRef = BD5D560D1DB0257000A54720 /* Item+CoreDataClass.swift */; };
		BD5D56161DB0257000A54720 /* Item+CoreDataProperties.swift in Sources */ = {isa = PBXBuildFile; fileRef = BD5D560E1DB0257000A54720 /* Item+CoreDataProperties.swift */; };
		BD5D56171DB0257000A54720 /* ItemType+CoreDataClass.swift in Sources */ = {isa = PBXBuildFile; fileRef = BD5D560F1DB0257000A54720 /* ItemType+CoreDataClass.swift */; };
		BD5D56181DB0257000A54720 /* ItemType+CoreDataProperties.swift in Sources */ = {isa = PBXBuildFile; fileRef = BD5D56101DB0257000A54720 /* ItemType+CoreDataProperties.swift */; };
		BD5D561B1DB02A6000A54720 /* MaterialView.swift in Sources */ = {isa = PBXBuildFile; fileRef = BD5D561A1DB02A6000A54720 /* MaterialView.swift */; };
		BD5D561D1DB02D0800A54720 /* ItemCell.swift in Sources */ = {isa = PBXBuildFile; fileRef = BD5D561C1DB02D0800A54720 /* ItemCell.swift */; };
		BD5D561F1DB05F8F00A54720 /* ItemDetailVC.swift in Sources */ = {isa = PBXBuildFile; fileRef = BD5D561E1DB05F8F00A54720 /* ItemDetailVC.swift */; };
/* End PBXBuildFile section */

/* Begin PBXFileReference section */
		BD5D55EC1DB0216D00A54720 /* DreamLister.app */ = {isa = PBXFileReference; explicitFileType = wrapper.application; includeInIndex = 0; path = DreamLister.app; sourceTree = BUILT_PRODUCTS_DIR; };
		BD5D55EF1DB0216D00A54720 /* AppDelegate.swift */ = {isa = PBXFileReference; lastKnownFileType = sourcecode.swift; path = AppDelegate.swift; sourceTree = "<group>"; };
		BD5D55F11DB0216D00A54720 /* MainVC.swift */ = {isa = PBXFileReference; lastKnownFileType = sourcecode.swift; path = MainVC.swift; sourceTree = "<group>"; };
		BD5D55F41DB0216D00A54720 /* Base */ = {isa = PBXFileReference; lastKnownFileType = file.storyboard; name = Base; path = Base.lproj/Main.storyboard; sourceTree = "<group>"; };
		BD5D55F71DB0216D00A54720 /* DreamLister.xcdatamodel */ = {isa = PBXFileReference; lastKnownFileType = wrapper.xcdatamodel; path = DreamLister.xcdatamodel; sourceTree = "<group>"; };
		BD5D55F91DB0216D00A54720 /* Assets.xcassets */ = {isa = PBXFileReference; lastKnownFileType = folder.assetcatalog; path = Assets.xcassets; sourceTree = "<group>"; };
		BD5D55FC1DB0216D00A54720 /* Base */ = {isa = PBXFileReference; lastKnownFileType = file.storyboard; name = Base; path = Base.lproj/LaunchScreen.storyboard; sourceTree = "<group>"; };
		BD5D55FE1DB0216D00A54720 /* Info.plist */ = {isa = PBXFileReference; lastKnownFileType = text.plist.xml; path = Info.plist; sourceTree = "<group>"; };
		BD5D56041DB0218100A54720 /* CustomTextField.swift */ = {isa = PBXFileReference; fileEncoding = 4; lastKnownFileType = sourcecode.swift; path = CustomTextField.swift; sourceTree = "<group>"; };
		BD5D56091DB0257000A54720 /* Store+CoreDataClass.swift */ = {isa = PBXFileReference; fileEncoding = 4; lastKnownFileType = sourcecode.swift; path = "Store+CoreDataClass.swift"; sourceTree = "<group>"; };
		BD5D560A1DB0257000A54720 /* Store+CoreDataProperties.swift */ = {isa = PBXFileReference; fileEncoding = 4; lastKnownFileType = sourcecode.swift; path = "Store+CoreDataProperties.swift"; sourceTree = "<group>"; };
		BD5D560B1DB0257000A54720 /* Image+CoreDataClass.swift */ = {isa = PBXFileReference; fileEncoding = 4; lastKnownFileType = sourcecode.swift; path = "Image+CoreDataClass.swift"; sourceTree = "<group>"; };
		BD5D560C1DB0257000A54720 /* Image+CoreDataProperties.swift */ = {isa = PBXFileReference; fileEncoding = 4; lastKnownFileType = sourcecode.swift; path = "Image+CoreDataProperties.swift"; sourceTree = "<group>"; };
		BD5D560D1DB0257000A54720 /* Item+CoreDataClass.swift */ = {isa = PBXFileReference; fileEncoding = 4; lastKnownFileType = sourcecode.swift; path = "Item+CoreDataClass.swift"; sourceTree = "<group>"; };
		BD5D560E1DB0257000A54720 /* Item+CoreDataProperties.swift */ = {isa = PBXFileReference; fileEncoding = 4; lastKnownFileType = sourcecode.swift; path = "Item+CoreDataProperties.swift"; sourceTree = "<group>"; };
		BD5D560F1DB0257000A54720 /* ItemType+CoreDataClass.swift */ = {isa = PBXFileReference; fileEncoding = 4; lastKnownFileType = sourcecode.swift; path = "ItemType+CoreDataClass.swift"; sourceTree = "<group>"; };
		BD5D56101DB0257000A54720 /* ItemType+CoreDataProperties.swift */ = {isa = PBXFileReference; fileEncoding = 4; lastKnownFileType = sourcecode.swift; path = "ItemType+CoreDataProperties.swift"; sourceTree = "<group>"; };
		BD5D561A1DB02A6000A54720 /* MaterialView.swift */ = {isa = PBXFileReference; fileEncoding = 4; lastKnownFileType = sourcecode.swift; path = MaterialView.swift; sourceTree = "<group>"; };
		BD5D561C1DB02D0800A54720 /* ItemCell.swift */ = {isa = PBXFileReference; fileEncoding = 4; lastKnownFileType = sourcecode.swift; path = ItemCell.swift; sourceTree = "<group>"; };
		BD5D561E1DB05F8F00A54720 /* ItemDetailVC.swift */ = {isa = PBXFileReference; fileEncoding = 4; lastKnownFileType = sourcecode.swift; path = ItemDetailVC.swift; sourceTree = "<group>"; };
/* End PBXFileReference section */

/* Begin PBXFrameworksBuildPhase section */
		BD5D55E91DB0216D00A54720 /* Frameworks */ = {
			isa = PBXFrameworksBuildPhase;
			buildActionMask = 2147483647;
			files = (
			);
			runOnlyForDeploymentPostprocessing = 0;
		};
/* End PBXFrameworksBuildPhase section */

/* Begin PBXGroup section */
		BD5D55E31DB0216D00A54720 = {
			isa = PBXGroup;
			children = (
				BD5D55EE1DB0216D00A54720 /* DreamLister */,
				BD5D55ED1DB0216D00A54720 /* Products */,
			);
			sourceTree = "<group>";
		};
		BD5D55ED1DB0216D00A54720 /* Products */ = {
			isa = PBXGroup;
			children = (
				BD5D55EC1DB0216D00A54720 /* DreamLister.app */,
			);
			name = Products;
			sourceTree = "<group>";
		};
		BD5D55EE1DB0216D00A54720 /* DreamLister */ = {
			isa = PBXGroup;
			children = (
				BD5D56191DB0258200A54720 /* Generated */,
				BD5D56081DB0219A00A54720 /* View */,
				BD5D56071DB0219300A54720 /* Controller */,
				BD5D56061DB0218700A54720 /* Model */,
				BD5D55F31DB0216D00A54720 /* Main.storyboard */,
				BD5D55F91DB0216D00A54720 /* Assets.xcassets */,
				BD5D55EF1DB0216D00A54720 /* AppDelegate.swift */,
				BD5D55FB1DB0216D00A54720 /* LaunchScreen.storyboard */,
				BD5D55FE1DB0216D00A54720 /* Info.plist */,
				BD5D55F61DB0216D00A54720 /* DreamLister.xcdatamodeld */,
			);
			path = DreamLister;
			sourceTree = "<group>";
		};
		BD5D56061DB0218700A54720 /* Model */ = {
			isa = PBXGroup;
			children = (
				BD5D56091DB0257000A54720 /* Store+CoreDataClass.swift */,
				BD5D560B1DB0257000A54720 /* Image+CoreDataClass.swift */,
				BD5D560D1DB0257000A54720 /* Item+CoreDataClass.swift */,
				BD5D560F1DB0257000A54720 /* ItemType+CoreDataClass.swift */,
			);
			name = Model;
			sourceTree = "<group>";
		};
		BD5D56071DB0219300A54720 /* Controller */ = {
			isa = PBXGroup;
			children = (
				BD5D55F11DB0216D00A54720 /* MainVC.swift */,
				BD5D561E1DB05F8F00A54720 /* ItemDetailVC.swift */,
			);
			name = Controller;
			sourceTree = "<group>";
		};
		BD5D56081DB0219A00A54720 /* View */ = {
			isa = PBXGroup;
			children = (
				BD5D56041DB0218100A54720 /* CustomTextField.swift */,
				BD5D561A1DB02A6000A54720 /* MaterialView.swift */,
				BD5D561C1DB02D0800A54720 /* ItemCell.swift */,
			);
			name = View;
			sourceTree = "<group>";
		};
		BD5D56191DB0258200A54720 /* Generated */ = {
			isa = PBXGroup;
			children = (
				BD5D560A1DB0257000A54720 /* Store+CoreDataProperties.swift */,
				BD5D560C1DB0257000A54720 /* Image+CoreDataProperties.swift */,
				BD5D560E1DB0257000A54720 /* Item+CoreDataProperties.swift */,
				BD5D56101DB0257000A54720 /* ItemType+CoreDataProperties.swift */,
			);
			name = Generated;
			sourceTree = "<group>";
		};
/* End PBXGroup section */

/* Begin PBXNativeTarget section */
		BD5D55EB1DB0216D00A54720 /* DreamLister */ = {
			isa = PBXNativeTarget;
			buildConfigurationList = BD5D56011DB0216D00A54720 /* Build configuration list for PBXNativeTarget "DreamLister" */;
			buildPhases = (
				BD5D55E81DB0216D00A54720 /* Sources */,
				BD5D55E91DB0216D00A54720 /* Frameworks */,
				BD5D55EA1DB0216D00A54720 /* Resources */,
			);
			buildRules = (
			);
			dependencies = (
			);
			name = DreamLister;
			productName = DreamLister;
			productReference = BD5D55EC1DB0216D00A54720 /* DreamLister.app */;
			productType = "com.apple.product-type.application";
		};
/* End PBXNativeTarget section */

/* Begin PBXProject section */
		BD5D55E41DB0216D00A54720 /* Project object */ = {
			isa = PBXProject;
			attributes = {
				LastSwiftUpdateCheck = 0800;
				LastUpgradeCheck = 0800;
				ORGANIZATIONNAME = "Peter Kang";
				TargetAttributes = {
					BD5D55EB1DB0216D00A54720 = {
						CreatedOnToolsVersion = 8.0;
						DevelopmentTeam = 4HMV9AP26W;
						ProvisioningStyle = Automatic;
					};
				};
			};
			buildConfigurationList = BD5D55E71DB0216D00A54720 /* Build configuration list for PBXProject "DreamLister" */;
			compatibilityVersion = "Xcode 3.2";
			developmentRegion = English;
			hasScannedForEncodings = 0;
			knownRegions = (
				en,
				Base,
			);
			mainGroup = BD5D55E31DB0216D00A54720;
			productRefGroup = BD5D55ED1DB0216D00A54720 /* Products */;
			projectDirPath = "";
			projectRoot = "";
			targets = (
				BD5D55EB1DB0216D00A54720 /* DreamLister */,
			);
		};
/* End PBXProject section */

/* Begin PBXResourcesBuildPhase section */
		BD5D55EA1DB0216D00A54720 /* Resources */ = {
			isa = PBXResourcesBuildPhase;
			buildActionMask = 2147483647;
			files = (
				BD5D55FD1DB0216D00A54720 /* LaunchScreen.storyboard in Resources */,
				BD5D55FA1DB0216D00A54720 /* Assets.xcassets in Resources */,
				BD5D55F51DB0216D00A54720 /* Main.storyboard in Resources */,
			);
			runOnlyForDeploymentPostprocessing = 0;
		};
/* End PBXResourcesBuildPhase section */

/* Begin PBXSourcesBuildPhase section */
		BD5D55E81DB0216D00A54720 /* Sources */ = {
			isa = PBXSourcesBuildPhase;
			buildActionMask = 2147483647;
			files = (
				BD5D56171DB0257000A54720 /* ItemType+CoreDataClass.swift in Sources */,
				BD5D56051DB0218100A54720 /* CustomTextField.swift in Sources */,
				BD5D56121DB0257000A54720 /* Store+CoreDataProperties.swift in Sources */,
				BD5D561B1DB02A6000A54720 /* MaterialView.swift in Sources */,
				BD5D561D1DB02D0800A54720 /* ItemCell.swift in Sources */,
				BD5D56131DB0257000A54720 /* Image+CoreDataClass.swift in Sources */,
				BD5D56151DB0257000A54720 /* Item+CoreDataClass.swift in Sources */,
				BD5D56161DB0257000A54720 /* Item+CoreDataProperties.swift in Sources */,
				BD5D55F21DB0216D00A54720 /* MainVC.swift in Sources */,
				BD5D56111DB0257000A54720 /* Store+CoreDataClass.swift in Sources */,
				BD5D56181DB0257000A54720 /* ItemType+CoreDataProperties.swift in Sources */,
				BD5D55F01DB0216D00A54720 /* AppDelegate.swift in Sources */,
				BD5D55F81DB0216D00A54720 /* DreamLister.xcdatamodeld in Sources */,
				BD5D561F1DB05F8F00A54720 /* ItemDetailVC.swift in Sources */,
				BD5D56141DB0257000A54720 /* Image+CoreDataProperties.swift in Sources */,
			);
			runOnlyForDeploymentPostprocessing = 0;
		};
/* End PBXSourcesBuildPhase section */

/* Begin PBXVariantGroup section */
		BD5D55F31DB0216D00A54720 /* Main.storyboard */ = {
			isa = PBXVariantGroup;
			children = (
				BD5D55F41DB0216D00A54720 /* Base */,
			);
			name = Main.storyboard;
			sourceTree = "<group>";
		};
		BD5D55FB1DB0216D00A54720 /* LaunchScreen.storyboard */ = {
			isa = PBXVariantGroup;
			children = (
				BD5D55FC1DB0216D00A54720 /* Base */,
			);
			name = LaunchScreen.storyboard;
			sourceTree = "<group>";
		};
/* End PBXVariantGroup section */

/* Begin XCBuildConfiguration section */
		BD5D55FF1DB0216D00A54720 /* Debug */ = {
			isa = XCBuildConfiguration;
			buildSettings = {
				ALWAYS_SEARCH_USER_PATHS = NO;
				CLANG_ANALYZER_NONNULL = YES;
				CLANG_CXX_LANGUAGE_STANDARD = "gnu++0x";
				CLANG_CXX_LIBRARY = "libc++";
				CLANG_ENABLE_MODULES = YES;
				CLANG_ENABLE_OBJC_ARC = YES;
				CLANG_WARN_BOOL_CONVERSION = YES;
				CLANG_WARN_CONSTANT_CONVERSION = YES;
				CLANG_WARN_DIRECT_OBJC_ISA_USAGE = YES_ERROR;
				CLANG_WARN_DOCUMENTATION_COMMENTS = YES;
				CLANG_WARN_EMPTY_BODY = YES;
				CLANG_WARN_ENUM_CONVERSION = YES;
				CLANG_WARN_INFINITE_RECURSION = YES;
				CLANG_WARN_INT_CONVERSION = YES;
				CLANG_WARN_OBJC_ROOT_CLASS = YES_ERROR;
				CLANG_WARN_SUSPICIOUS_MOVES = YES;
				CLANG_WARN_UNREACHABLE_CODE = YES;
				CLANG_WARN__DUPLICATE_METHOD_MATCH = YES;
				"CODE_SIGN_IDENTITY[sdk=iphoneos*]" = "iPhone Developer";
				COPY_PHASE_STRIP = NO;
				DEBUG_INFORMATION_FORMAT = dwarf;
				ENABLE_STRICT_OBJC_MSGSEND = YES;
				ENABLE_TESTABILITY = YES;
				GCC_C_LANGUAGE_STANDARD = gnu99;
				GCC_DYNAMIC_NO_PIC = NO;
				GCC_NO_COMMON_BLOCKS = YES;
				GCC_OPTIMIZATION_LEVEL = 0;
				GCC_PREPROCESSOR_DEFINITIONS = (
					"DEBUG=1",
					"$(inherited)",
				);
				GCC_WARN_64_TO_32_BIT_CONVERSION = YES;
				GCC_WARN_ABOUT_RETURN_TYPE = YES_ERROR;
				GCC_WARN_UNDECLARED_SELECTOR = YES;
				GCC_WARN_UNINITIALIZED_AUTOS = YES_AGGRESSIVE;
				GCC_WARN_UNUSED_FUNCTION = YES;
				GCC_WARN_UNUSED_VARIABLE = YES;
				IPHONEOS_DEPLOYMENT_TARGET = 10.0;
				MTL_ENABLE_DEBUG_INFO = YES;
				ONLY_ACTIVE_ARCH = YES;
				SDKROOT = iphoneos;
				SWIFT_ACTIVE_COMPILATION_CONDITIONS = DEBUG;
				SWIFT_OPTIMIZATION_LEVEL = "-Onone";
				TARGETED_DEVICE_FAMILY = "1,2";
			};
			name = Debug;
		};
		BD5D56001DB0216D00A54720 /* Release */ = {
			isa = XCBuildConfiguration;
			buildSettings = {
				ALWAYS_SEARCH_USER_PATHS = NO;
				CLANG_ANALYZER_NONNULL = YES;
				CLANG_CXX_LANGUAGE_STANDARD = "gnu++0x";
				CLANG_CXX_LIBRARY = "libc++";
				CLANG_ENABLE_MODULES = YES;
				CLANG_ENABLE_OBJC_ARC = YES;
				CLANG_WARN_BOOL_CONVERSION = YES;
				CLANG_WARN_CONSTANT_CONVERSION = YES;
				CLANG_WARN_DIRECT_OBJC_ISA_USAGE = YES_ERROR;
				CLANG_WARN_DOCUMENTATION_COMMENTS = YES;
				CLANG_WARN_EMPTY_BODY = YES;
				CLANG_WARN_ENUM_CONVERSION = YES;
				CLANG_WARN_INFINITE_RECURSION = YES;
				CLANG_WARN_INT_CONVERSION = YES;
				CLANG_WARN_OBJC_ROOT_CLASS = YES_ERROR;
				CLANG_WARN_SUSPICIOUS_MOVES = YES;
				CLANG_WARN_UNREACHABLE_CODE = YES;
				CLANG_WARN__DUPLICATE_METHOD_MATCH = YES;
				"CODE_SIGN_IDENTITY[sdk=iphoneos*]" = "iPhone Developer";
				COPY_PHASE_STRIP = NO;
				DEBUG_INFORMATION_FORMAT = "dwarf-with-dsym";
				ENABLE_NS_ASSERTIONS = NO;
				ENABLE_STRICT_OBJC_MSGSEND = YES;
				GCC_C_LANGUAGE_STANDARD = gnu99;
				GCC_NO_COMMON_BLOCKS = YES;
				GCC_WARN_64_TO_32_BIT_CONVERSION = YES;
				GCC_WARN_ABOUT_RETURN_TYPE = YES_ERROR;
				GCC_WARN_UNDECLARED_SELECTOR = YES;
				GCC_WARN_UNINITIALIZED_AUTOS = YES_AGGRESSIVE;
				GCC_WARN_UNUSED_FUNCTION = YES;
				GCC_WARN_UNUSED_VARIABLE = YES;
				IPHONEOS_DEPLOYMENT_TARGET = 10.0;
				MTL_ENABLE_DEBUG_INFO = NO;
				SDKROOT = iphoneos;
				SWIFT_OPTIMIZATION_LEVEL = "-Owholemodule";
				TARGETED_DEVICE_FAMILY = "1,2";
				VALIDATE_PRODUCT = YES;
			};
			name = Release;
		};
		BD5D56021DB0216D00A54720 /* Debug */ = {
			isa = XCBuildConfiguration;
			buildSettings = {
				ASSETCATALOG_COMPILER_APPICON_NAME = AppIcon;
				DEVELOPMENT_TEAM = 4HMV9AP26W;
				INFOPLIST_FILE = DreamLister/Info.plist;
				LD_RUNPATH_SEARCH_PATHS = "$(inherited) @executable_path/Frameworks";
				PRODUCT_BUNDLE_IDENTIFIER = com.lmnop.DreamLister;
				PRODUCT_NAME = "$(TARGET_NAME)";
				SWIFT_VERSION = 3.0;
			};
			name = Debug;
		};
		BD5D56031DB0216D00A54720 /* Release */ = {
			isa = XCBuildConfiguration;
			buildSettings = {
				ASSETCATALOG_COMPILER_APPICON_NAME = AppIcon;
				DEVELOPMENT_TEAM = 4HMV9AP26W;
				INFOPLIST_FILE = DreamLister/Info.plist;
				LD_RUNPATH_SEARCH_PATHS = "$(inherited) @executable_path/Frameworks";
				PRODUCT_BUNDLE_IDENTIFIER = com.lmnop.DreamLister;
				PRODUCT_NAME = "$(TARGET_NAME)";
				SWIFT_VERSION = 3.0;
			};
			name = Release;
		};
/* End XCBuildConfiguration section */

/* Begin XCConfigurationList section */
		BD5D55E71DB0216D00A54720 /* Build configuration list for PBXProject "DreamLister" */ = {
			isa = XCConfigurationList;
			buildConfigurations = (
				BD5D55FF1DB0216D00A54720 /* Debug */,
				BD5D56001DB0216D00A54720 /* Release */,
			);
			defaultConfigurationIsVisible = 0;
			defaultConfigurationName = Release;
		};
		BD5D56011DB0216D00A54720 /* Build configuration list for PBXNativeTarget "DreamLister" */ = {
			isa = XCConfigurationList;
			buildConfigurations = (
				BD5D56021DB0216D00A54720 /* Debug */,
				BD5D56031DB0216D00A54720 /* Release */,
			);
			defaultConfigurationIsVisible = 0;
		};
/* End XCConfigurationList section */

/* Begin XCVersionGroup section */
		BD5D55F61DB0216D00A54720 /* DreamLister.xcdatamodeld */ = {
			isa = XCVersionGroup;
			children = (
				BD5D55F71DB0216D00A54720 /* DreamLister.xcdatamodel */,
			);
			currentVersion = BD5D55F71DB0216D00A54720 /* DreamLister.xcdatamodel */;
			path = DreamLister.xcdatamodeld;
			sourceTree = "<group>";
			versionGroupType = wrapper.xcdatamodel;
		};
/* End XCVersionGroup section */
	};
	rootObject = BD5D55E41DB0216D00A54720 /* Project object */;
}
